# This file is automatically @generated by Cargo.
# It is not intended for manual editing.
version = 4

[[package]]
name = "lume-benchmarks"
version = "0.2.0"
dependencies = [
 "lume-core",
]

[[package]]
name = "lume-core"
version = "0.1.0"

[[package]]
name = "lume-wasm"
version = "0.1.0"
dependencies = [
 "lume-core",
]
